
Microsoft Visual Studio Solution File, Format Version 12.00
Project("{FAE04EC0-301F-11D3-BF4B-00C04F79EFBC}") = "Mediator.Generator", "Mediator.Generator\Mediator.Generator.csproj", "{E9E83908-DB05-495B-9CEC-28C68FA24A7A}"
EndProject
Project("{FAE04EC0-301F-11D3-BF4B-00C04F79EFBC}") = "Mediator.Contract", "Mediator.Contract\Mediator.Contract.csproj", "{3563ED76-6945-40AA-861B-4C9269288F95}"
EndProject
Project("{FAE04EC0-301F-11D3-BF4B-00C04F79EFBC}") = "TestProject", "TestProject\TestProject.csproj", "{43B6629A-12AE-4B31-88C2-FDF5C3988046}"
EndProject
Global
	GlobalSection(SolutionConfigurationPlatforms) = preSolution
		Debug|Any CPU = Debug|Any CPU
		Release|Any CPU = Release|Any CPU
	EndGlobalSection
	GlobalSection(ProjectConfigurationPlatforms) = postSolution
		{E9E83908-DB05-495B-9CEC-28C68FA24A7A}.Debug|Any CPU.ActiveCfg = Debug|Any CPU
		{E9E83908-DB05-495B-9CEC-28C68FA24A7A}.Debug|Any CPU.Build.0 = Debug|Any CPU
		{E9E83908-DB05-495B-9CEC-28C68FA24A7A}.Release|Any CPU.ActiveCfg = Release|Any CPU
		{E9E83908-DB05-495B-9CEC-28C68FA24A7A}.Release|Any CPU.Build.0 = Release|Any CPU
		{3563ED76-6945-40AA-861B-4C9269288F95}.Debug|Any CPU.ActiveCfg = Debug|Any CPU
		{3563ED76-6945-40AA-861B-4C9269288F95}.Debug|Any CPU.Build.0 = Debug|Any CPU
		{3563ED76-6945-40AA-861B-4C9269288F95}.Release|Any CPU.ActiveCfg = Release|Any CPU
		{3563ED76-6945-40AA-861B-4C9269288F95}.Release|Any CPU.Build.0 = Release|Any CPU
		{43B6629A-12AE-4B31-88C2-FDF5C3988046}.Debug|Any CPU.ActiveCfg = Debug|Any CPU
		{43B6629A-12AE-4B31-88C2-FDF5C3988046}.Debug|Any CPU.Build.0 = Debug|Any CPU
		{43B6629A-12AE-4B31-88C2-FDF5C3988046}.Release|Any CPU.ActiveCfg = Release|Any CPU
		{43B6629A-12AE-4B31-88C2-FDF5C3988046}.Release|Any CPU.Build.0 = Release|Any CPU
	EndGlobalSection
EndGlobal
